
Microsoft Visual Studio Solution File, Format Version 12.00
# Visual Studio 15
VisualStudioVersion = 15.0.28307.136
MinimumVisualStudioVersion = 10.0.40219.1
Project("{FAE04EC0-301F-11D3-BF4B-00C04F79EFBC}") = "SocketDemo", "SocketDemo\SocketDemo.csproj", "{57F24048-3F3A-4669-B096-69417E1C884E}"
EndProject
Global
	GlobalSection(SolutionConfigurationPlatforms) = preSolution
		Debug|Any CPU = Debug|Any CPU
		Release|Any CPU = Release|Any CPU
	EndGlobalSection
	GlobalSection(ProjectConfigurationPlatforms) = postSolution
		{57F24048-3F3A-4669-B096-69417E1C884E}.Debug|Any CPU.ActiveCfg = Debug|Any CPU
		{57F24048-3F3A-4669-B096-69417E1C884E}.Debug|Any CPU.Build.0 = Debug|Any CPU
		{57F24048-3F3A-4669-B096-69417E1C884E}.Release|Any CPU.ActiveCfg = Release|Any CPU
		{57F24048-3F3A-4669-B096-69417E1C884E}.Release|Any CPU.Build.0 = Release|Any CPU
	EndGlobalSection
	GlobalSection(SolutionProperties) = preSolution
		HideSolutionNode = FALSE
	EndGlobalSection
	GlobalSection(ExtensibilityGlobals) = postSolution
		SolutionGuid = {D23D2164-98D9-4404-98EB-DF9C2DE79AD3}
	EndGlobalSection
EndGlobal
